// !$*UTF8*$!
{
	objects = {

/* Begin PBXBuildFile section */
		9A74B6A527BEC43CBF342324 /* main.cpp in Sources */ = {isa = PBXBuildFile; fileRef = 85E75A5A819EAAF48411548D /* main.cpp */; };
		15FC6292BD573A6E7518A056 /* main.cpp in Sources */ = {isa = PBXBuildFile; fileRef = 85E75A5A819EAAF48411548D /* main.cpp */; };
		05BF510B842536F17DDC6500 /* MOE.framework in CopyFiles */ = {isa = PBXBuildFile; fileRef = FA06A684919782C91C2E46EA /* MOE.framework */; settings = {ATTRIBUTES = (CodeSignOnCopy, RemoveHeadersOnCopy, ); }; };
		1EF524145B8F60ED77AFD94C /* MOE.framework in CopyFiles */ = {isa = PBXBuildFile; fileRef = FA06A684919782C91C2E46EA /* MOE.framework */; settings = {ATTRIBUTES = (CodeSignOnCopy, RemoveHeadersOnCopy, ); }; };
		37D7E1B9403EC99C23AF1B38 /* MOE.framework in Frameworks */ = {isa = PBXBuildFile; fileRef = FA06A684919782C91C2E46EA /* MOE.framework */; };
		B3EE96D9C80344642327CF82 /* MOE.framework in Frameworks */ = {isa = PBXBuildFile; fileRef = FA06A684919782C91C2E46EA /* MOE.framework */; };
		C5A0BA6F82E674EEBEAAAFCB /* preregister.txt in Resources */ = {isa = PBXBuildFile; fileRef = 1BABBD3DA249CDC986B3635A /* preregister.txt */; };
		22124A6CDE69292B98796844 /* preregister.txt in Resources */ = {isa = PBXBuildFile; fileRef = 63BDA515679D74711041ACED /* preregister.txt */; };
		37F32C0686B33E0BB5B5A1E7 /* application.jar in Resources */ = {isa = PBXBuildFile; fileRef = EBA3611F20EBE62DFE3823C6 /* application.jar */; };
		8A487F57B168A1F02DF37390 /* application.jar in Resources */ = {isa = PBXBuildFile; fileRef = EE2DF46469A2558E8C69EDFA /* application.jar */; };
		2463F9EB3EAC222986B303A7 /* classlist.txt in Resources */ = {isa = PBXBuildFile; fileRef = 829364D24428BDF8882058EB /* classlist.txt */; };
		461707AC92E664A67590F3F5 /* LaunchScreen.xib in Resources */ = {isa = PBXBuildFile; fileRef = 291EE3C312EE9F1D4E4BE439 /* LaunchScreen.xib */; };
		05B1955F373D78F31FD916C4 /* MainUI.storyboard in Resources */ = {isa = PBXBuildFile; fileRef = B6834401DD905D9BB04ECDC4 /* MainUI.storyboard */; };
/* End PBXBuildFile section */

/* Begin PBXCopyFilesBuildPhase section */
		CE0EF904F77DE4018649BF7B /* CopyFiles */ = {
			isa = PBXCopyFilesBuildPhase;
			buildActionMask = 2147483647;
			files = (
				05BF510B842536F17DDC6500 /* MOE.framework in CopyFiles */,
			);
			runOnlyForDeploymentPostprocessing = 0;
			dstPath = "";
			dstSubfolderSpec = 10;
			name = "Embed Frameworks";
		};
		0599D2E5DEB8C97B19DC47C2 /* CopyFiles */ = {
			isa = PBXCopyFilesBuildPhase;
			buildActionMask = 2147483647;
			files = (
				1EF524145B8F60ED77AFD94C /* MOE.framework in CopyFiles */,
			);
			runOnlyForDeploymentPostprocessing = 0;
			dstPath = "";
			dstSubfolderSpec = 10;
			name = "Embed Frameworks";
		};
/* End PBXCopyFilesBuildPhase section */

/* Begin PBXFileReference section */
		85E75A5A819EAAF48411548D /* main.cpp */ = {isa = PBXFileReference; lastKnownFileType = sourcecode.cpp.cpp; path = main.cpp; sourceTree = "<group>"; };
		B9A41E46B05058CE85D9F688 /* build.xcconfig */ = {isa = PBXFileReference; lastKnownFileType = text.xcconfig; path = build.xcconfig; sourceTree = "<group>"; };
		32C50214696168D9E9DF58BA /* build.xcconfig */ = {isa = PBXFileReference; lastKnownFileType = text.xcconfig; path = build.xcconfig; sourceTree = "<group>"; };
		6FA67810E2B865F30F2C1244 /* Info.plist */ = {isa = PBXFileReference; lastKnownFileType = text.plist.xml; path = MoeMinimal/Info.plist; sourceTree = SOURCE_ROOT; name = Info.plist; };
		FED4F1D803988D35DA480FF2 /* Info-Test.plist */ = {isa = PBXFileReference; lastKnownFileType = text.plist.xml; path = "MoeMinimal-Test/Info-Test.plist"; sourceTree = SOURCE_ROOT; name = "Info-Test.plist"; };
		F0B336AA63B120BB13B96998 /* MoeMinimal.app */ = {isa = PBXFileReference; explicitFileType = wrapper.application; includeInIndex = 0; path = MoeMinimal.app; sourceTree = BUILT_PRODUCTS_DIR; };
		5AA8DF392DFF545F5DDE3C31 /* MoeMinimal-Test.app */ = {isa = PBXFileReference; explicitFileType = wrapper.application; includeInIndex = 0; path = "MoeMinimal-Test.app"; sourceTree = BUILT_PRODUCTS_DIR; };
		FA06A684919782C91C2E46EA /* MOE.framework */ = {isa = PBXFileReference; lastKnownFileType = wrapper.framework; path = MOE.framework; sourceTree = MOE_FRAMEWORK_PATH; };
		1BABBD3DA249CDC986B3635A /* preregister.txt */ = {isa = PBXFileReference; lastKnownFileType = text; path = ../build/moe/main/preregister.txt; sourceTree = SOURCE_ROOT; name = preregister.txt; };
		63BDA515679D74711041ACED /* preregister.txt */ = {isa = PBXFileReference; lastKnownFileType = text; path = ../build/moe/test/preregister.txt; sourceTree = SOURCE_ROOT; name = preregister.txt; };
		EBA3611F20EBE62DFE3823C6 /* application.jar */ = {isa = PBXFileReference; lastKnownFileType = archive.jar; path = ../build/moe/main/application.jar; sourceTree = SOURCE_ROOT; name = application.jar; };
		EE2DF46469A2558E8C69EDFA /* application.jar */ = {isa = PBXFileReference; lastKnownFileType = archive.jar; path = ../build/moe/test/application.jar; sourceTree = SOURCE_ROOT; name = application.jar; };
		829364D24428BDF8882058EB /* classlist.txt */ = {isa = PBXFileReference; lastKnownFileType = text; path = ../build/moe/test/classlist.txt; sourceTree = SOURCE_ROOT; name = classlist.txt; };
		291EE3C312EE9F1D4E4BE439 /* LaunchScreen.xib */ = {isa = PBXFileReference; lastKnownFileType = file.xib; path = ../src/main/resources/LaunchScreen.xib; sourceTree = SOURCE_ROOT; name = LaunchScreen.xib; };
		B6834401DD905D9BB04ECDC4 /* MainUI.storyboard */ = {isa = PBXFileReference; lastKnownFileType = file.storyboard; path = ../src/main/resources/MainUI.storyboard; sourceTree = SOURCE_ROOT; name = MainUI.storyboard; };
/* End PBXFileReference section */

/* Begin PBXFrameworksBuildPhase section */
		1FF45BD6CF91A69BA35C53BE /* Frameworks */ = {
			isa = PBXFrameworksBuildPhase;
			buildActionMask = 2147483647;
			files = (
				37D7E1B9403EC99C23AF1B38 /* MOE.framework in Frameworks */,
			);
			runOnlyForDeploymentPostprocessing = 0;
		};
		7DF45153F7CDE8EBA8060516 /* Frameworks */ = {
			isa = PBXFrameworksBuildPhase;
			buildActionMask = 2147483647;
			files = (
				B3EE96D9C80344642327CF82 /* MOE.framework in Frameworks */,
			);
			runOnlyForDeploymentPostprocessing = 0;
		};
/* End PBXFrameworksBuildPhase section */

/* Begin PBXGroup section */
		4A9A8FA930B14C96723ED38C /* MoeMinimal */ = {
			isa = PBXGroup;
			name = MoeMinimal;
			path = MoeMinimal;
			sourceTree = "<group>";
			children = (
				73520AEE3A629C25032B5FE2 /* Supporting Files */,
			);
		};
		73520AEE3A629C25032B5FE2 /* Supporting Files */ = {
			isa = PBXGroup;
			name = "Supporting Files";
			sourceTree = "<group>";
			children = (
				85E75A5A819EAAF48411548D /* main.cpp */,
				B9A41E46B05058CE85D9F688 /* build.xcconfig */,
				6FA67810E2B865F30F2C1244 /* Info.plist */,
				1BABBD3DA249CDC986B3635A /* preregister.txt */,
				EBA3611F20EBE62DFE3823C6 /* application.jar */,
				291EE3C312EE9F1D4E4BE439 /* LaunchScreen.xib */,
				B6834401DD905D9BB04ECDC4 /* MainUI.storyboard */,
			);
		};
		EABE35AB98B2FD1B310EFC59 /* MoeMinimal-Test */ = {
			isa = PBXGroup;
			name = "MoeMinimal-Test";
			path = "MoeMinimal-Test";
			sourceTree = "<group>";
			children = (
				B29F420F56BB259C78CD30E8 /* Supporting Files */,
			);
		};
		B29F420F56BB259C78CD30E8 /* Supporting Files */ = {
			isa = PBXGroup;
			name = "Supporting Files";
			sourceTree = "<group>";
			children = (
				32C50214696168D9E9DF58BA /* build.xcconfig */,
				FED4F1D803988D35DA480FF2 /* Info-Test.plist */,
				63BDA515679D74711041ACED /* preregister.txt */,
				EE2DF46469A2558E8C69EDFA /* application.jar */,
				829364D24428BDF8882058EB /* classlist.txt */,
			);
		};
		713D91EFD800256C06C1B1F2 = {
			isa = PBXGroup;
			sourceTree = "<group>";
			children = (
				4A9A8FA930B14C96723ED38C /* MoeMinimal */,
				EABE35AB98B2FD1B310EFC59 /* MoeMinimal-Test */,
				5A4A80801538396053FF89C0 /* Frameworks */,
				1D7ABC3D0DD357EDA15DA96F /* Products */,
			);
		};
		1D7ABC3D0DD357EDA15DA96F /* Products */ = {
			isa = PBXGroup;
			name = Products;
			path = Products;
			sourceTree = "<group>";
			children = (
				F0B336AA63B120BB13B96998 /* MoeMinimal.app */,
				5AA8DF392DFF545F5DDE3C31 /* MoeMinimal-Test.app */,
			);
		};
		5A4A80801538396053FF89C0 /* Frameworks */ = {
			isa = PBXGroup;
			name = Frameworks;
			path = Frameworks;
			sourceTree = "<group>";
			children = (
				FA06A684919782C91C2E46EA /* MOE.framework */,
			);
		};
/* End PBXGroup section */

/* Begin PBXNativeTarget section */
		4D587BB2920E6DB0D2EFEA45 /* MoeMinimal */ = {
			isa = PBXNativeTarget;
			name = MoeMinimal;
			productName = MoeMinimal;
			productType = "com.apple.product-type.application";
			buildConfigurationList = B625CC8125646F8749B68AD6 /* Build configuration list for PBXNativeTarget "MoeMinimal" */;
			buildPhases = (
				931D62524E91DC7274E7044A /* Compile Sources (MOE) */,
				1FF45BD6CF91A69BA35C53BE /* Frameworks */,
				4C3D26984EE6D3FF9C19D655 /* Resources */,
				AA97B2FE8004A22349F12C05 /* Sources */,
				CE0EF904F77DE4018649BF7B /* CopyFiles */,
			);
			productReference = F0B336AA63B120BB13B96998 /* MoeMinimal.app */;
		};
		197450806EE1C9BE9E470550 /* MoeMinimal-Test */ = {
			isa = PBXNativeTarget;
			name = "MoeMinimal-Test";
			productName = "MoeMinimal-Test";
			productType = "com.apple.product-type.application";
			buildConfigurationList = C6E1B473362C4E50401203DA /* Build configuration list for PBXNativeTarget "MoeMinimal-Test" */;
			buildPhases = (
				FE8D851F965C17FD46386D08 /* Compile Sources (MOE) */,
				7DF45153F7CDE8EBA8060516 /* Frameworks */,
				6F83691C91F7F51FF73CFB82 /* Resources */,
				61053FAC8B6F1669DE5594BF /* Sources */,
				0599D2E5DEB8C97B19DC47C2 /* CopyFiles */,
			);
			productReference = 5AA8DF392DFF545F5DDE3C31 /* MoeMinimal-Test.app */;
		};
/* End PBXNativeTarget section */

/* Begin PBXProject section */
		D255623397B5E8A3D749CF87 /* Project object */ = {
			isa = PBXProject;
			attributes = {
				ORGANIZATIONNAME = "My Company";
			};
			compatibilityVersion = "Xcode 3.2";
			developmentRegion = English;
			hasScannedForEncodings = 0;
			knownRegions = (
				en,
				Base,
			);
			mainGroup = 713D91EFD800256C06C1B1F2;
			productRefGroup = 1D7ABC3D0DD357EDA15DA96F /* Products */;
			projectDirPath = "";
			projectRoot = "";
			targets = (
				4D587BB2920E6DB0D2EFEA45 /* MoeMinimal */,
				197450806EE1C9BE9E470550 /* MoeMinimal-Test */,
			);
			buildConfigurationList = 8F475B4C058542753D4D7AFD /* Build configuration list for PBXProject "MoeMinimal" */;
		};
/* End PBXProject section */

/* Begin PBXResourcesBuildPhase section */
		4C3D26984EE6D3FF9C19D655 /* Resources */ = {
			isa = PBXResourcesBuildPhase;
			buildActionMask = 2147483647;
			files = (
				C5A0BA6F82E674EEBEAAAFCB /* preregister.txt in Resources */,
				37F32C0686B33E0BB5B5A1E7 /* application.jar in Resources */,
				461707AC92E664A67590F3F5 /* LaunchScreen.xib in Resources */,
				05B1955F373D78F31FD916C4 /* MainUI.storyboard in Resources */,
			);
			runOnlyForDeploymentPostprocessing = 0;
		};
		6F83691C91F7F51FF73CFB82 /* Resources */ = {
			isa = PBXResourcesBuildPhase;
			buildActionMask = 2147483647;
			files = (
				22124A6CDE69292B98796844 /* preregister.txt in Resources */,
				8A487F57B168A1F02DF37390 /* application.jar in Resources */,
				2463F9EB3EAC222986B303A7 /* classlist.txt in Resources */,
			);
			runOnlyForDeploymentPostprocessing = 0;
		};
/* End PBXResourcesBuildPhase section */

/* Begin PBXShellScriptBuildPhase section */
		931D62524E91DC7274E7044A /* Compile Sources (MOE) */ = {
			isa = PBXShellScriptBuildPhase;
			buildActionMask = 2147483647;
			files = (
			);
			inputPaths = (
			);
			outputPaths = (
			);
			runOnlyForDeploymentPostprocessing = 0;
			name = "Compile Sources (MOE)";
			shellPath = /bin/bash;
			shellScript = "\n# Check directories set by xcconfigs\nif [ ! -d \"$MOE_PROJECT_DIR\" ]; then\n    echo \"$0:$LINENO:1: error: 'MOE_PROJECT_DIR' doesn't point to a directory!\"; exit 1;\nfi\nif [ ! -d \"$MOE_PROJECT_BUILD_DIR\" ]; then\n    echo \"$0:$LINENO:1: error: 'MOE_PROJECT_BUILD_DIR' doesn't point to a directory!\"; exit 1;\nfi\n\ncd \"$MOE_PROJECT_DIR/\"\n\nexport JAVA_HOME=$(/usr/libexec/java_home -v 1.8)\njava -version\n\n########################\n# Find Gradle\n########################\nfunction findGradle {\n\tCD=\"$PWD\"\n\twhile [ \"$CD\" != \"\" ]; do\n\t\techo \"Looking for gradlew in $CD\"\n\t\tif [ -x \"$CD/gradlew\" ]; then\n\t\t\tGRADLE_EXEC=$CD/gradlew\n\t\t\treturn 0\n\t\tfi\n\t\tCD=\"${CD%/*}\"\n\tdone\n\n\techo \"Checking with 'which'\"\n\tGRADLE_EXEC=$(which 'gradle')\n\n\tif [ \"$GRADLE_EXEC\" = \"\" ]; then\n\t\techo \"Failed to locate 'gradle' executable!\"\n\t\texit 1\n\tfi\n}\n########################\n# Execute Gradle build\n########################\nif [ -z \"$MOE_GRADLE_EXTERNAL_BUILD\" ]; then\n    findGradle\n\n    \"$GRADLE_EXEC\" --daemon moeXcodeInternal\nfi\n";
		};
		FE8D851F965C17FD46386D08 /* Compile Sources (MOE) */ = {
			isa = PBXShellScriptBuildPhase;
			buildActionMask = 2147483647;
			files = (
			);
			inputPaths = (
			);
			outputPaths = (
			);
			runOnlyForDeploymentPostprocessing = 0;
			name = "Compile Sources (MOE)";
			shellPath = /bin/bash;
			shellScript = "\n# Check directories set by xcconfigs\nif [ ! -d \"$MOE_PROJECT_DIR\" ]; then\n    echo \"$0:$LINENO:1: error: 'MOE_PROJECT_DIR' doesn't point to a directory!\"; exit 1;\nfi\nif [ ! -d \"$MOE_PROJECT_BUILD_DIR\" ]; then\n    echo \"$0:$LINENO:1: error: 'MOE_PROJECT_BUILD_DIR' doesn't point to a directory!\"; exit 1;\nfi\n\ncd \"$MOE_PROJECT_DIR/\"\n\nexport JAVA_HOME=$(/usr/libexec/java_home -v 1.8)\njava -version\n\n########################\n# Find Gradle\n########################\nfunction findGradle {\n\tCD=\"$PWD\"\n\twhile [ \"$CD\" != \"\" ]; do\n\t\techo \"Looking for gradlew in $CD\"\n\t\tif [ -x \"$CD/gradlew\" ]; then\n\t\t\tGRADLE_EXEC=$CD/gradlew\n\t\t\treturn 0\n\t\tfi\n\t\tCD=\"${CD%/*}\"\n\tdone\n\n\techo \"Checking with 'which'\"\n\tGRADLE_EXEC=$(which 'gradle')\n\n\tif [ \"$GRADLE_EXEC\" = \"\" ]; then\n\t\techo \"Failed to locate 'gradle' executable!\"\n\t\texit 1\n\tfi\n}\n########################\n# Execute Gradle build\n########################\nif [ -z \"$MOE_GRADLE_EXTERNAL_BUILD\" ]; then\n    findGradle\n\n    export MOE_BUILD_SOURCE_SET=test\n    \"$GRADLE_EXEC\" --daemon moeXcodeInternal\nfi\n";
		};
/* End PBXShellScriptBuildPhase section */

/* Begin PBXSourcesBuildPhase section */
		AA97B2FE8004A22349F12C05 /* Sources */ = {
			isa = PBXSourcesBuildPhase;
			buildActionMask = 2147483647;
			files = (
				9A74B6A527BEC43CBF342324 /* main.cpp in Sources */,
			);
			runOnlyForDeploymentPostprocessing = 0;
		};
		61053FAC8B6F1669DE5594BF /* Sources */ = {
			isa = PBXSourcesBuildPhase;
			buildActionMask = 2147483647;
			files = (
				15FC6292BD573A6E7518A056 /* main.cpp in Sources */,
			);
			runOnlyForDeploymentPostprocessing = 0;
		};
/* End PBXSourcesBuildPhase section */

/* Begin XCBuildConfiguration section */
		F96059E29E5880D26B34F586 /* Debug */ = {
			isa = XCBuildConfiguration;
			name = Debug;
			buildSettings = {
				DEAD_CODE_STRIPPING = NO;
				EMBEDDED_CONTENT_CONTAINS_SWIFT = NO;
				FRAMEWORK_SEARCH_PATHS = "$(inherited)";
				LD_RUNPATH_SEARCH_PATHS = "$(inherited) @executable_path/Frameworks";
				OTHER_LDFLAGS = "${MOE_OTHER_LDFLAGS}";
				PRODUCT_NAME = MoeMinimal;
				STRIP_STYLE = "non-global";
				INFOPLIST_FILE = MoeMinimal/Info.plist;
			};
			baseConfigurationReference = B9A41E46B05058CE85D9F688 /* build.xcconfig */;
		};
		17B4A1AC8E7409F2491D31FB /* Release */ = {
			isa = XCBuildConfiguration;
			name = Release;
			buildSettings = {
				DEAD_CODE_STRIPPING = NO;
				EMBEDDED_CONTENT_CONTAINS_SWIFT = NO;
				FRAMEWORK_SEARCH_PATHS = "$(inherited)";
				LD_RUNPATH_SEARCH_PATHS = "$(inherited) @executable_path/Frameworks";
				OTHER_LDFLAGS = "${MOE_OTHER_LDFLAGS}";
				PRODUCT_NAME = MoeMinimal;
				STRIP_STYLE = "non-global";
				INFOPLIST_FILE = MoeMinimal/Info.plist;
			};
			baseConfigurationReference = B9A41E46B05058CE85D9F688 /* build.xcconfig */;
		};
		BBDD3B6A9CC1475F5619866D /* Debug */ = {
			isa = XCBuildConfiguration;
			name = Debug;
			buildSettings = {
				DEAD_CODE_STRIPPING = NO;
				EMBEDDED_CONTENT_CONTAINS_SWIFT = NO;
				FRAMEWORK_SEARCH_PATHS = "$(inherited)";
				LD_RUNPATH_SEARCH_PATHS = "$(inherited) @executable_path/Frameworks";
				OTHER_LDFLAGS = "${MOE_OTHER_LDFLAGS}";
				PRODUCT_NAME = "MoeMinimal-Test";
				STRIP_STYLE = "non-global";
				INFOPLIST_FILE = "MoeMinimal-Test/Info-Test.plist";
			};
			baseConfigurationReference = 32C50214696168D9E9DF58BA /* build.xcconfig */;
		};
		3B1028733640321D6C8D788B /* Release */ = {
			isa = XCBuildConfiguration;
			name = Release;
			buildSettings = {
				DEAD_CODE_STRIPPING = NO;
				EMBEDDED_CONTENT_CONTAINS_SWIFT = NO;
				FRAMEWORK_SEARCH_PATHS = "$(inherited)";
				LD_RUNPATH_SEARCH_PATHS = "$(inherited) @executable_path/Frameworks";
				OTHER_LDFLAGS = "${MOE_OTHER_LDFLAGS}";
				PRODUCT_NAME = "MoeMinimal-Test";
				STRIP_STYLE = "non-global";
				INFOPLIST_FILE = "MoeMinimal-Test/Info-Test.plist";
			};
			baseConfigurationReference = 32C50214696168D9E9DF58BA /* build.xcconfig */;
		};
		893F24746D065A885CDCA64B /* Debug */ = {
			isa = XCBuildConfiguration;
			name = Debug;
			buildSettings = {
				ALWAYS_SEARCH_USER_PATHS = NO;
				CLANG_CXX_LANGUAGE_STANDARD = "gnu++0x";
				CLANG_CXX_LIBRARY = "libc++";
				CLANG_ENABLE_MODULES = YES;
				CLANG_ENABLE_OBJC_ARC = YES;
				CLANG_WARN_BOOL_CONVERSION = YES;
				CLANG_WARN_CONSTANT_CONVERSION = YES;
				CLANG_WARN_DIRECT_OBJC_ISA_USAGE = YES_ERROR;
				CLANG_WARN_EMPTY_BODY = YES;
				CLANG_WARN_ENUM_CONVERSION = YES;
				CLANG_WARN_INT_CONVERSION = YES;
				CLANG_WARN_OBJC_ROOT_CLASS = YES_ERROR;
				CLANG_WARN_UNREACHABLE_CODE = YES;
				CLANG_WARN__DUPLICATE_METHOD_MATCH = YES;
				"CODE_SIGN_IDENTITY[sdk=iphoneos*]" = "iPhone Developer";
				ENABLE_STRICT_OBJC_MSGSEND = YES;
				FRAMEWORK_SEARCH_PATHS = (
					"$(inherited)",
					"${MOE_FRAMEWORK_PATH}",
				);
				GCC_C_LANGUAGE_STANDARD = gnu99;
				GCC_WARN_64_TO_32_BIT_CONVERSION = YES;
				GCC_WARN_ABOUT_RETURN_TYPE = YES_ERROR;
				GCC_WARN_UNDECLARED_SELECTOR = YES;
				GCC_WARN_UNINITIALIZED_AUTOS = YES_AGGRESSIVE;
				GCC_WARN_UNUSED_FUNCTION = YES;
				GCC_WARN_UNUSED_VARIABLE = YES;
				IPHONEOS_DEPLOYMENT_TARGET = 8.0;
				LD_RUNPATH_SEARCH_PATHS = "$(inherited) @executable_path/Frameworks";
				SDKROOT = iphoneos;
				TARGETED_DEVICE_FAMILY = "1,2";
				SYMROOT = "$(SRCROOT)/../build/moe/xcodebuild/sym";
				COPY_PHASE_STRIP = NO;
				GCC_DYNAMIC_NO_PIC = NO;
				GCC_OPTIMIZATION_LEVEL = 0;
				GCC_PREPROCESSOR_DEFINITIONS = (
					"DEBUG=1",
					"$(inherited)",
				);
				GCC_SYMBOLS_PRIVATE_EXTERN = NO;
				MTL_ENABLE_DEBUG_INFO = YES;
			};
		};
		63ACB9CEB8ADF950A2CC7D06 /* Release */ = {
			isa = XCBuildConfiguration;
			name = Release;
			buildSettings = {
				ALWAYS_SEARCH_USER_PATHS = NO;
				CLANG_CXX_LANGUAGE_STANDARD = "gnu++0x";
				CLANG_CXX_LIBRARY = "libc++";
				CLANG_ENABLE_MODULES = YES;
				CLANG_ENABLE_OBJC_ARC = YES;
				CLANG_WARN_BOOL_CONVERSION = YES;
				CLANG_WARN_CONSTANT_CONVERSION = YES;
				CLANG_WARN_DIRECT_OBJC_ISA_USAGE = YES_ERROR;
				CLANG_WARN_EMPTY_BODY = YES;
				CLANG_WARN_ENUM_CONVERSION = YES;
				CLANG_WARN_INT_CONVERSION = YES;
				CLANG_WARN_OBJC_ROOT_CLASS = YES_ERROR;
				CLANG_WARN_UNREACHABLE_CODE = YES;
				CLANG_WARN__DUPLICATE_METHOD_MATCH = YES;
				"CODE_SIGN_IDENTITY[sdk=iphoneos*]" = "iPhone Developer";
				ENABLE_STRICT_OBJC_MSGSEND = YES;
				FRAMEWORK_SEARCH_PATHS = (
					"$(inherited)",
					"${MOE_FRAMEWORK_PATH}",
				);
				GCC_C_LANGUAGE_STANDARD = gnu99;
				GCC_WARN_64_TO_32_BIT_CONVERSION = YES;
				GCC_WARN_ABOUT_RETURN_TYPE = YES_ERROR;
				GCC_WARN_UNDECLARED_SELECTOR = YES;
				GCC_WARN_UNINITIALIZED_AUTOS = YES_AGGRESSIVE;
				GCC_WARN_UNUSED_FUNCTION = YES;
				GCC_WARN_UNUSED_VARIABLE = YES;
				IPHONEOS_DEPLOYMENT_TARGET = 8.0;
				LD_RUNPATH_SEARCH_PATHS = "$(inherited) @executable_path/Frameworks";
				SDKROOT = iphoneos;
				TARGETED_DEVICE_FAMILY = "1,2";
				SYMROOT = "$(SRCROOT)/../build/moe/xcodebuild/sym";
				COPY_PHASE_STRIP = YES;
				ENABLE_NS_ASSERTIONS = NO;
				MTL_ENABLE_DEBUG_INFO = NO;
				VALIDATE_PRODUCT = YES;
			};
		};
/* End XCBuildConfiguration section */

/* Begin XCConfigurationList section */
		B625CC8125646F8749B68AD6 /* Build configuration list for PBXNativeTarget "MoeMinimal" */ = {
			isa = XCConfigurationList;
			defaultConfigurationIsVisible = 0;
			buildConfigurations = (
				F96059E29E5880D26B34F586 /* Debug */,
				17B4A1AC8E7409F2491D31FB /* Release */,
			);
		};
		C6E1B473362C4E50401203DA /* Build configuration list for PBXNativeTarget "MoeMinimal-Test" */ = {
			isa = XCConfigurationList;
			defaultConfigurationIsVisible = 0;
			buildConfigurations = (
				BBDD3B6A9CC1475F5619866D /* Debug */,
				3B1028733640321D6C8D788B /* Release */,
			);
		};
		8F475B4C058542753D4D7AFD /* Build configuration list for PBXProject "MoeMinimal" */ = {
			isa = XCConfigurationList;
			defaultConfigurationIsVisible = 0;
			defaultConfigurationName = Release;
			buildConfigurations = (
				893F24746D065A885CDCA64B /* Debug */,
				63ACB9CEB8ADF950A2CC7D06 /* Release */,
			);
		};
/* End XCConfigurationList section */
	};
	archiveVersion = 1;
	objectVersion = 46;
	classes = {
	};
	rootObject = D255623397B5E8A3D749CF87 /* Project object */;
}
